
Microsoft Visual Studio Solution File, Format Version 12.00
# Visual Studio Version 16
VisualStudioVersion = 16.0.31313.79
MinimumVisualStudioVersion = 10.0.40219.1
Project("{FAE04EC0-301F-11D3-BF4B-00C04F79EFBC}") = "FibSequenceLesson", "FibSequenceLesson\FibSequenceLesson.csproj", "{2480C23D-B42E-470B-96F3-5C1F9B51A5F1}"
EndProject
Global
	GlobalSection(SolutionConfigurationPlatforms) = preSolution
		Debug|Any CPU = Debug|Any CPU
		Release|Any CPU = Release|Any CPU
	EndGlobalSection
	GlobalSection(ProjectConfigurationPlatforms) = postSolution
		{2480C23D-B42E-470B-96F3-5C1F9B51A5F1}.Debug|Any CPU.ActiveCfg = Debug|Any CPU
		{2480C23D-B42E-470B-96F3-5C1F9B51A5F1}.Debug|Any CPU.Build.0 = Debug|Any CPU
		{2480C23D-B42E-470B-96F3-5C1F9B51A5F1}.Release|Any CPU.ActiveCfg = Release|Any CPU
		{2480C23D-B42E-470B-96F3-5C1F9B51A5F1}.Release|Any CPU.Build.0 = Release|Any CPU
	EndGlobalSection
	GlobalSection(SolutionProperties) = preSolution
		HideSolutionNode = FALSE
	EndGlobalSection
	GlobalSection(ExtensibilityGlobals) = postSolution
		SolutionGuid = {1E207B4F-C5B5-4A36-A120-FC54CFCBB87B}
	EndGlobalSection
EndGlobal
